
Microsoft Visual Studio Solution File, Format Version 12.00
# Visual Studio 15
VisualStudioVersion = 15.0.26124.0
MinimumVisualStudioVersion = 15.0.26124.0
Project("{FAE04EC0-301F-11D3-BF4B-00C04F79EFBC}") = "A4", "A4\A4.csproj", "{C8B2FDCF-54C3-478E-9DE0-9427D98FA995}"
EndProject
Project("{FAE04EC0-301F-11D3-BF4B-00C04F79EFBC}") = "A4.Tests", "A4.Tests\A4.Tests.csproj", "{DC0F1321-F209-44D5-B338-81937BB5CBE7}"
EndProject
Global
	GlobalSection(SolutionConfigurationPlatforms) = preSolution
		Debug|Any CPU = Debug|Any CPU
		Debug|x64 = Debug|x64
		Debug|x86 = Debug|x86
		Release|Any CPU = Release|Any CPU
		Release|x64 = Release|x64
		Release|x86 = Release|x86
	EndGlobalSection
	GlobalSection(SolutionProperties) = preSolution
		HideSolutionNode = FALSE
	EndGlobalSection
	GlobalSection(ProjectConfigurationPlatforms) = postSolution
		{C8B2FDCF-54C3-478E-9DE0-9427D98FA995}.Debug|Any CPU.ActiveCfg = Debug|Any CPU
		{C8B2FDCF-54C3-478E-9DE0-9427D98FA995}.Debug|Any CPU.Build.0 = Debug|Any CPU
		{C8B2FDCF-54C3-478E-9DE0-9427D98FA995}.Debug|x64.ActiveCfg = Debug|Any CPU
		{C8B2FDCF-54C3-478E-9DE0-9427D98FA995}.Debug|x64.Build.0 = Debug|Any CPU
		{C8B2FDCF-54C3-478E-9DE0-9427D98FA995}.Debug|x86.ActiveCfg = Debug|Any CPU
		{C8B2FDCF-54C3-478E-9DE0-9427D98FA995}.Debug|x86.Build.0 = Debug|Any CPU
		{C8B2FDCF-54C3-478E-9DE0-9427D98FA995}.Release|Any CPU.ActiveCfg = Release|Any CPU
		{C8B2FDCF-54C3-478E-9DE0-9427D98FA995}.Release|Any CPU.Build.0 = Release|Any CPU
		{C8B2FDCF-54C3-478E-9DE0-9427D98FA995}.Release|x64.ActiveCfg = Release|Any CPU
		{C8B2FDCF-54C3-478E-9DE0-9427D98FA995}.Release|x64.Build.0 = Release|Any CPU
		{C8B2FDCF-54C3-478E-9DE0-9427D98FA995}.Release|x86.ActiveCfg = Release|Any CPU
		{C8B2FDCF-54C3-478E-9DE0-9427D98FA995}.Release|x86.Build.0 = Release|Any CPU
		{DC0F1321-F209-44D5-B338-81937BB5CBE7}.Debug|Any CPU.ActiveCfg = Debug|Any CPU
		{DC0F1321-F209-44D5-B338-81937BB5CBE7}.Debug|Any CPU.Build.0 = Debug|Any CPU
		{DC0F1321-F209-44D5-B338-81937BB5CBE7}.Debug|x64.ActiveCfg = Debug|Any CPU
		{DC0F1321-F209-44D5-B338-81937BB5CBE7}.Debug|x64.Build.0 = Debug|Any CPU
		{DC0F1321-F209-44D5-B338-81937BB5CBE7}.Debug|x86.ActiveCfg = Debug|Any CPU
		{DC0F1321-F209-44D5-B338-81937BB5CBE7}.Debug|x86.Build.0 = Debug|Any CPU
		{DC0F1321-F209-44D5-B338-81937BB5CBE7}.Release|Any CPU.ActiveCfg = Release|Any CPU
		{DC0F1321-F209-44D5-B338-81937BB5CBE7}.Release|Any CPU.Build.0 = Release|Any CPU
		{DC0F1321-F209-44D5-B338-81937BB5CBE7}.Release|x64.ActiveCfg = Release|Any CPU
		{DC0F1321-F209-44D5-B338-81937BB5CBE7}.Release|x64.Build.0 = Release|Any CPU
		{DC0F1321-F209-44D5-B338-81937BB5CBE7}.Release|x86.ActiveCfg = Release|Any CPU
		{DC0F1321-F209-44D5-B338-81937BB5CBE7}.Release|x86.Build.0 = Release|Any CPU
	EndGlobalSection
EndGlobal
