
Microsoft Visual Studio Solution File, Format Version 12.00
# Visual Studio 15
VisualStudioVersion = 15.0.26124.0
MinimumVisualStudioVersion = 15.0.26124.0
Project("{FAE04EC0-301F-11D3-BF4B-00C04F79EFBC}") = "A2", "A2\A2.csproj", "{0EDF66EF-88AE-42A6-8DB8-6612B525AAE7}"
EndProject
Project("{FAE04EC0-301F-11D3-BF4B-00C04F79EFBC}") = "A2.Tests", "A2.Tests\A2.Tests.csproj", "{5364B11A-A573-4A1F-8887-5BB89EA51EAC}"
EndProject
Global
	GlobalSection(SolutionConfigurationPlatforms) = preSolution
		Debug|Any CPU = Debug|Any CPU
		Debug|x64 = Debug|x64
		Debug|x86 = Debug|x86
		Release|Any CPU = Release|Any CPU
		Release|x64 = Release|x64
		Release|x86 = Release|x86
	EndGlobalSection
	GlobalSection(SolutionProperties) = preSolution
		HideSolutionNode = FALSE
	EndGlobalSection
	GlobalSection(ProjectConfigurationPlatforms) = postSolution
		{0EDF66EF-88AE-42A6-8DB8-6612B525AAE7}.Debug|Any CPU.ActiveCfg = Debug|Any CPU
		{0EDF66EF-88AE-42A6-8DB8-6612B525AAE7}.Debug|Any CPU.Build.0 = Debug|Any CPU
		{0EDF66EF-88AE-42A6-8DB8-6612B525AAE7}.Debug|x64.ActiveCfg = Debug|Any CPU
		{0EDF66EF-88AE-42A6-8DB8-6612B525AAE7}.Debug|x64.Build.0 = Debug|Any CPU
		{0EDF66EF-88AE-42A6-8DB8-6612B525AAE7}.Debug|x86.ActiveCfg = Debug|Any CPU
		{0EDF66EF-88AE-42A6-8DB8-6612B525AAE7}.Debug|x86.Build.0 = Debug|Any CPU
		{0EDF66EF-88AE-42A6-8DB8-6612B525AAE7}.Release|Any CPU.ActiveCfg = Release|Any CPU
		{0EDF66EF-88AE-42A6-8DB8-6612B525AAE7}.Release|Any CPU.Build.0 = Release|Any CPU
		{0EDF66EF-88AE-42A6-8DB8-6612B525AAE7}.Release|x64.ActiveCfg = Release|Any CPU
		{0EDF66EF-88AE-42A6-8DB8-6612B525AAE7}.Release|x64.Build.0 = Release|Any CPU
		{0EDF66EF-88AE-42A6-8DB8-6612B525AAE7}.Release|x86.ActiveCfg = Release|Any CPU
		{0EDF66EF-88AE-42A6-8DB8-6612B525AAE7}.Release|x86.Build.0 = Release|Any CPU
		{5364B11A-A573-4A1F-8887-5BB89EA51EAC}.Debug|Any CPU.ActiveCfg = Debug|Any CPU
		{5364B11A-A573-4A1F-8887-5BB89EA51EAC}.Debug|Any CPU.Build.0 = Debug|Any CPU
		{5364B11A-A573-4A1F-8887-5BB89EA51EAC}.Debug|x64.ActiveCfg = Debug|Any CPU
		{5364B11A-A573-4A1F-8887-5BB89EA51EAC}.Debug|x64.Build.0 = Debug|Any CPU
		{5364B11A-A573-4A1F-8887-5BB89EA51EAC}.Debug|x86.ActiveCfg = Debug|Any CPU
		{5364B11A-A573-4A1F-8887-5BB89EA51EAC}.Debug|x86.Build.0 = Debug|Any CPU
		{5364B11A-A573-4A1F-8887-5BB89EA51EAC}.Release|Any CPU.ActiveCfg = Release|Any CPU
		{5364B11A-A573-4A1F-8887-5BB89EA51EAC}.Release|Any CPU.Build.0 = Release|Any CPU
		{5364B11A-A573-4A1F-8887-5BB89EA51EAC}.Release|x64.ActiveCfg = Release|Any CPU
		{5364B11A-A573-4A1F-8887-5BB89EA51EAC}.Release|x64.Build.0 = Release|Any CPU
		{5364B11A-A573-4A1F-8887-5BB89EA51EAC}.Release|x86.ActiveCfg = Release|Any CPU
		{5364B11A-A573-4A1F-8887-5BB89EA51EAC}.Release|x86.Build.0 = Release|Any CPU
	EndGlobalSection
EndGlobal
