
Microsoft Visual Studio Solution File, Format Version 12.00
# Visual Studio 15
VisualStudioVersion = 15.0.26124.0
MinimumVisualStudioVersion = 15.0.26124.0
Project("{FAE04EC0-301F-11D3-BF4B-00C04F79EFBC}") = "C6", "C6\C6.csproj", "{774AC9A8-8F3C-4EDA-AC21-7BBAB1A30326}"
EndProject
Project("{FAE04EC0-301F-11D3-BF4B-00C04F79EFBC}") = "C6.Test", "C6.Test\C6.Test.csproj", "{3378358F-A6E8-48BB-B606-6BE2FD57ED6D}"
EndProject
Global
	GlobalSection(SolutionConfigurationPlatforms) = preSolution
		Debug|Any CPU = Debug|Any CPU
		Debug|x64 = Debug|x64
		Debug|x86 = Debug|x86
		Release|Any CPU = Release|Any CPU
		Release|x64 = Release|x64
		Release|x86 = Release|x86
	EndGlobalSection
	GlobalSection(SolutionProperties) = preSolution
		HideSolutionNode = FALSE
	EndGlobalSection
	GlobalSection(ProjectConfigurationPlatforms) = postSolution
		{774AC9A8-8F3C-4EDA-AC21-7BBAB1A30326}.Debug|Any CPU.ActiveCfg = Debug|Any CPU
		{774AC9A8-8F3C-4EDA-AC21-7BBAB1A30326}.Debug|Any CPU.Build.0 = Debug|Any CPU
		{774AC9A8-8F3C-4EDA-AC21-7BBAB1A30326}.Debug|x64.ActiveCfg = Debug|Any CPU
		{774AC9A8-8F3C-4EDA-AC21-7BBAB1A30326}.Debug|x64.Build.0 = Debug|Any CPU
		{774AC9A8-8F3C-4EDA-AC21-7BBAB1A30326}.Debug|x86.ActiveCfg = Debug|Any CPU
		{774AC9A8-8F3C-4EDA-AC21-7BBAB1A30326}.Debug|x86.Build.0 = Debug|Any CPU
		{774AC9A8-8F3C-4EDA-AC21-7BBAB1A30326}.Release|Any CPU.ActiveCfg = Release|Any CPU
		{774AC9A8-8F3C-4EDA-AC21-7BBAB1A30326}.Release|Any CPU.Build.0 = Release|Any CPU
		{774AC9A8-8F3C-4EDA-AC21-7BBAB1A30326}.Release|x64.ActiveCfg = Release|Any CPU
		{774AC9A8-8F3C-4EDA-AC21-7BBAB1A30326}.Release|x64.Build.0 = Release|Any CPU
		{774AC9A8-8F3C-4EDA-AC21-7BBAB1A30326}.Release|x86.ActiveCfg = Release|Any CPU
		{774AC9A8-8F3C-4EDA-AC21-7BBAB1A30326}.Release|x86.Build.0 = Release|Any CPU
		{3378358F-A6E8-48BB-B606-6BE2FD57ED6D}.Debug|Any CPU.ActiveCfg = Debug|Any CPU
		{3378358F-A6E8-48BB-B606-6BE2FD57ED6D}.Debug|Any CPU.Build.0 = Debug|Any CPU
		{3378358F-A6E8-48BB-B606-6BE2FD57ED6D}.Debug|x64.ActiveCfg = Debug|Any CPU
		{3378358F-A6E8-48BB-B606-6BE2FD57ED6D}.Debug|x64.Build.0 = Debug|Any CPU
		{3378358F-A6E8-48BB-B606-6BE2FD57ED6D}.Debug|x86.ActiveCfg = Debug|Any CPU
		{3378358F-A6E8-48BB-B606-6BE2FD57ED6D}.Debug|x86.Build.0 = Debug|Any CPU
		{3378358F-A6E8-48BB-B606-6BE2FD57ED6D}.Release|Any CPU.ActiveCfg = Release|Any CPU
		{3378358F-A6E8-48BB-B606-6BE2FD57ED6D}.Release|Any CPU.Build.0 = Release|Any CPU
		{3378358F-A6E8-48BB-B606-6BE2FD57ED6D}.Release|x64.ActiveCfg = Release|Any CPU
		{3378358F-A6E8-48BB-B606-6BE2FD57ED6D}.Release|x64.Build.0 = Release|Any CPU
		{3378358F-A6E8-48BB-B606-6BE2FD57ED6D}.Release|x86.ActiveCfg = Release|Any CPU
		{3378358F-A6E8-48BB-B606-6BE2FD57ED6D}.Release|x86.Build.0 = Release|Any CPU
	EndGlobalSection
EndGlobal
