
Microsoft Visual Studio Solution File, Format Version 12.00
# Visual Studio 15
VisualStudioVersion = 15.0.26124.0
MinimumVisualStudioVersion = 15.0.26124.0
Project("{FAE04EC0-301F-11D3-BF4B-00C04F79EFBC}") = "C14", "C14\C14.csproj", "{8895CF0E-67EC-47F0-9883-9EDB88E5729A}"
EndProject
Project("{FAE04EC0-301F-11D3-BF4B-00C04F79EFBC}") = "C14.Tests", "C14.Tests\C14.Tests.csproj", "{E301AC04-D0B6-4573-8822-2EA969A6B9A9}"
EndProject
Global
	GlobalSection(SolutionConfigurationPlatforms) = preSolution
		Debug|Any CPU = Debug|Any CPU
		Debug|x64 = Debug|x64
		Debug|x86 = Debug|x86
		Release|Any CPU = Release|Any CPU
		Release|x64 = Release|x64
		Release|x86 = Release|x86
	EndGlobalSection
	GlobalSection(SolutionProperties) = preSolution
		HideSolutionNode = FALSE
	EndGlobalSection
	GlobalSection(ProjectConfigurationPlatforms) = postSolution
		{8895CF0E-67EC-47F0-9883-9EDB88E5729A}.Debug|Any CPU.ActiveCfg = Debug|Any CPU
		{8895CF0E-67EC-47F0-9883-9EDB88E5729A}.Debug|Any CPU.Build.0 = Debug|Any CPU
		{8895CF0E-67EC-47F0-9883-9EDB88E5729A}.Debug|x64.ActiveCfg = Debug|Any CPU
		{8895CF0E-67EC-47F0-9883-9EDB88E5729A}.Debug|x64.Build.0 = Debug|Any CPU
		{8895CF0E-67EC-47F0-9883-9EDB88E5729A}.Debug|x86.ActiveCfg = Debug|Any CPU
		{8895CF0E-67EC-47F0-9883-9EDB88E5729A}.Debug|x86.Build.0 = Debug|Any CPU
		{8895CF0E-67EC-47F0-9883-9EDB88E5729A}.Release|Any CPU.ActiveCfg = Release|Any CPU
		{8895CF0E-67EC-47F0-9883-9EDB88E5729A}.Release|Any CPU.Build.0 = Release|Any CPU
		{8895CF0E-67EC-47F0-9883-9EDB88E5729A}.Release|x64.ActiveCfg = Release|Any CPU
		{8895CF0E-67EC-47F0-9883-9EDB88E5729A}.Release|x64.Build.0 = Release|Any CPU
		{8895CF0E-67EC-47F0-9883-9EDB88E5729A}.Release|x86.ActiveCfg = Release|Any CPU
		{8895CF0E-67EC-47F0-9883-9EDB88E5729A}.Release|x86.Build.0 = Release|Any CPU
		{E301AC04-D0B6-4573-8822-2EA969A6B9A9}.Debug|Any CPU.ActiveCfg = Debug|Any CPU
		{E301AC04-D0B6-4573-8822-2EA969A6B9A9}.Debug|Any CPU.Build.0 = Debug|Any CPU
		{E301AC04-D0B6-4573-8822-2EA969A6B9A9}.Debug|x64.ActiveCfg = Debug|Any CPU
		{E301AC04-D0B6-4573-8822-2EA969A6B9A9}.Debug|x64.Build.0 = Debug|Any CPU
		{E301AC04-D0B6-4573-8822-2EA969A6B9A9}.Debug|x86.ActiveCfg = Debug|Any CPU
		{E301AC04-D0B6-4573-8822-2EA969A6B9A9}.Debug|x86.Build.0 = Debug|Any CPU
		{E301AC04-D0B6-4573-8822-2EA969A6B9A9}.Release|Any CPU.ActiveCfg = Release|Any CPU
		{E301AC04-D0B6-4573-8822-2EA969A6B9A9}.Release|Any CPU.Build.0 = Release|Any CPU
		{E301AC04-D0B6-4573-8822-2EA969A6B9A9}.Release|x64.ActiveCfg = Release|Any CPU
		{E301AC04-D0B6-4573-8822-2EA969A6B9A9}.Release|x64.Build.0 = Release|Any CPU
		{E301AC04-D0B6-4573-8822-2EA969A6B9A9}.Release|x86.ActiveCfg = Release|Any CPU
		{E301AC04-D0B6-4573-8822-2EA969A6B9A9}.Release|x86.Build.0 = Release|Any CPU
	EndGlobalSection
EndGlobal
